
Microsoft Visual Studio Solution File, Format Version 12.00
# Visual Studio 15
VisualStudioVersion = 15.0.28307.168
MinimumVisualStudioVersion = 10.0.40219.1
Project("{FAE04EC0-301F-11D3-BF4B-00C04F79EFBC}") = "ConsoleApp1", "ConsoleApp1\ConsoleApp1.csproj", "{E73CC58C-AF27-4C62-8DEF-1888FA6C6DAC}"
EndProject
Global
	GlobalSection(SolutionConfigurationPlatforms) = preSolution
		Debug|Any CPU = Debug|Any CPU
		Release|Any CPU = Release|Any CPU
	EndGlobalSection
	GlobalSection(ProjectConfigurationPlatforms) = postSolution
		{E73CC58C-AF27-4C62-8DEF-1888FA6C6DAC}.Debug|Any CPU.ActiveCfg = Debug|Any CPU
		{E73CC58C-AF27-4C62-8DEF-1888FA6C6DAC}.Debug|Any CPU.Build.0 = Debug|Any CPU
		{E73CC58C-AF27-4C62-8DEF-1888FA6C6DAC}.Release|Any CPU.ActiveCfg = Release|Any CPU
		{E73CC58C-AF27-4C62-8DEF-1888FA6C6DAC}.Release|Any CPU.Build.0 = Release|Any CPU
	EndGlobalSection
	GlobalSection(SolutionProperties) = preSolution
		HideSolutionNode = FALSE
	EndGlobalSection
	GlobalSection(ExtensibilityGlobals) = postSolution
		SolutionGuid = {F58C2E9F-4D56-4F4D-88FF-CE1F3DBB46B1}
	EndGlobalSection
EndGlobal
